
Microsoft Visual Studio Solution File, Format Version 12.00
# Visual Studio 15
VisualStudioVersion = 15.0.26730.16
MinimumVisualStudioVersion = 10.0.40219.1
Project("{FAE04EC0-301F-11D3-BF4B-00C04F79EFBC}") = "NoMod.Hooking.EasyHook", "NoMod.Hooking.EasyHook\NoMod.Hooking.EasyHook.csproj", "{4396AFC9-9BA8-452C-94A2-9C34BCDACB09}"
EndProject
Project("{FAE04EC0-301F-11D3-BF4B-00C04F79EFBC}") = "NoMod.Debugging.Vectored", "NoMod.Debugging.Vectored\NoMod.Debugging.Vectored.csproj", "{4DAC6E80-9F00-4B3D-BD2F-51A79E501B70}"
EndProject
Project("{FAE04EC0-301F-11D3-BF4B-00C04F79EFBC}") = "NoMod.Engines.Lua", "NoMod.Engines.Lua\NoMod.Engines.Lua.csproj", "{44C8BFF0-4662-4482-92E8-4C5643A5DB0F}"
EndProject
Project("{FAE04EC0-301F-11D3-BF4B-00C04F79EFBC}") = "NoMod.Engines.UnrealEngine", "NoMod.Engines.UnrealEngine\NoMod.Engines.UnrealEngine.csproj", "{C53F779D-259D-4338-BD60-626AC460A169}"
EndProject
Project("{FAE04EC0-301F-11D3-BF4B-00C04F79EFBC}") = "NoMod.Engines.Mono", "NoMod.Engines.Mono\NoMod.Engines.Mono.csproj", "{3ADBD7FF-AADA-42F0-A1F1-A45BBDB816F2}"
EndProject
Project("{FAE04EC0-301F-11D3-BF4B-00C04F79EFBC}") = "NoMod.Loader.EasyHook", "NoMod.Loader.EasyHook\NoMod.Loader.EasyHook.csproj", "{4B9A15C4-B869-409F-B675-8D1554A0AF34}"
EndProject
Project("{2150E333-8FDC-42A3-9474-1A3956D46DE8}") = "Libraries", "Libraries", "{77AE8C1F-6F0E-4368-9ADA-818A07EFD3B1}"
EndProject
Project("{2150E333-8FDC-42A3-9474-1A3956D46DE8}") = "Engines", "Engines", "{3AE55880-1200-4200-B5CD-0325EED5CCB4}"
EndProject
Project("{2150E333-8FDC-42A3-9474-1A3956D46DE8}") = "Examples", "Examples", "{600E7967-8569-4684-AA6D-954E509BE2CA}"
EndProject
Project("{9A19103F-16F7-4668-BE54-9A1E7A4F7556}") = "NoMod.Loader", "NoMod.Loader\NoMod.Loader.csproj", "{2A928481-F0E9-4850-96AB-850C437616F4}"
EndProject
Project("{9A19103F-16F7-4668-BE54-9A1E7A4F7556}") = "NoMod.Unmanaged", "NoMod.Unmanaged\NoMod.Unmanaged.csproj", "{AE8DA1D9-9B6F-4D3C-84EE-48C98AE598AF}"
EndProject
Project("{9A19103F-16F7-4668-BE54-9A1E7A4F7556}") = "NoMod.Win32", "NoMod.Win32\NoMod.Win32.csproj", "{63F7D751-71DF-4466-953A-EF7CE853FF08}"
EndProject
Project("{9A19103F-16F7-4668-BE54-9A1E7A4F7556}") = "NoMod.Hooking", "NoMod.Hooking\NoMod.Hooking.csproj", "{809E4809-54C7-428F-B2B1-A0648F1C39D7}"
EndProject
Project("{9A19103F-16F7-4668-BE54-9A1E7A4F7556}") = "NoMod.Assembling", "NoMod.Assembling\NoMod.Assembling.csproj", "{9541ECB9-1527-411A-ABF3-DBFAC127FE7A}"
EndProject
Project("{9A19103F-16F7-4668-BE54-9A1E7A4F7556}") = "NoMod.Debugging", "NoMod.Debugging\NoMod.Debugging.csproj", "{EEE75D7E-DF91-47ED-980E-39C21D9D99FF}"
EndProject
Project("{9A19103F-16F7-4668-BE54-9A1E7A4F7556}") = "NoMod.SpeedHack", "NoMod.SpeedHack\NoMod.SpeedHack.csproj", "{F17E101A-2D20-499A-B0AB-CFBE55F4BB95}"
EndProject
Project("{9A19103F-16F7-4668-BE54-9A1E7A4F7556}") = "NoMod.SpeedHack.Hooked", "NoMod.SpeedHack.Hooked\NoMod.SpeedHack.Hooked.csproj", "{76F8DE87-70B3-44AB-938A-C13691B11072}"
EndProject
Project("{9A19103F-16F7-4668-BE54-9A1E7A4F7556}") = "NoMod.ModUI", "NoMod.ModUI\NoMod.ModUI.csproj", "{B9E7E18E-DA8E-4359-A6CA-BC7B56DB4213}"
EndProject
Project("{9A19103F-16F7-4668-BE54-9A1E7A4F7556}") = "NoMod.ModUI.Unmanaged", "NoMod.ModUI.Unmanaged\NoMod.ModUI.Unmanaged.csproj", "{53D2E555-F30A-4473-88E0-632FE9059B49}"
EndProject
Project("{9A19103F-16F7-4668-BE54-9A1E7A4F7556}") = "NoMod.Hooking.Unmanaged", "NoMod.Hooking.Unmanaged\NoMod.Hooking.Unmanaged.csproj", "{BCB6AFD7-7399-46A7-81FD-FCEC25E31EDA}"
EndProject
Project("{9A19103F-16F7-4668-BE54-9A1E7A4F7556}") = "NoMod.Loader.Unmanaged", "NoMod.Loader.Unmanaged\NoMod.Loader.Unmanaged.csproj", "{EC977B4F-5265-4AC2-A818-5B8D7953F5E5}"
EndProject
Project("{9A19103F-16F7-4668-BE54-9A1E7A4F7556}") = "NoMod.SpeedHack.Unmanaged", "NoMod.SpeedHack.Unmanaged\NoMod.SpeedHack.Unmanaged.csproj", "{5673636D-1596-42D3-BE4D-0A110EAA59EC}"
EndProject
Project("{8BC9CEB8-8B4A-11D0-8D11-00A0C91BC942}") = "UnmanagedPlugin", "Examples\UnmanagedPlugin\UnmanagedPlugin.vcxproj", "{2FD799D4-E034-4B50-AD2E-4BC3D948A56A}"
EndProject
Project("{9A19103F-16F7-4668-BE54-9A1E7A4F7556}") = "TrainerPlugin", "Examples\TrainerPlugin\TrainerPlugin.csproj", "{D10CD51A-A9D5-41C5-AE8C-5739FBE45AA9}"
EndProject
Project("{9A19103F-16F7-4668-BE54-9A1E7A4F7556}") = "NoMod.Assembling.CETack", "NoMod.Assembling.CETack\NoMod.Assembling.CETack.csproj", "{3B0FE067-3888-4EB4-9596-FFA1BE87D34D}"
EndProject
Project("{9A19103F-16F7-4668-BE54-9A1E7A4F7556}") = "NoMod.Loader.Managed", "NoMod.Loader.Managed\NoMod.Loader.Managed.csproj", "{DA0C7C9D-94F2-4E98-90AA-E7104D6F15F4}"
EndProject
Project("{9A19103F-16F7-4668-BE54-9A1E7A4F7556}") = "NoMod.Trainer.Legacy", "NoMod.Trainer.Legacy\NoMod.Trainer.Legacy.csproj", "{0C406FB0-C9B6-46FA-8F17-30FD9E04870F}"
EndProject
Project("{FAE04EC0-301F-11D3-BF4B-00C04F79EFBC}") = "NoMod.Trainer.Presets", "NoMod.Trainer.Presets\NoMod.Trainer.Presets.csproj", "{40CFFAA2-1ACE-4931-A1D2-9D324F790B22}"
EndProject
Project("{2150E333-8FDC-42A3-9474-1A3956D46DE8}") = "Trainers", "Trainers", "{1E28DEAD-D755-4680-9998-108B964AA81B}"
EndProject
Project("{FAE04EC0-301F-11D3-BF4B-00C04F79EFBC}") = "NoMod.Hooking.EasyHook.Test", "NoMod.Hooking.EasyHook.Test\NoMod.Hooking.EasyHook.Test.csproj", "{0D2AD629-D04F-4C23-B0B3-9CE6AFE9BB9E}"
EndProject
Project("{FAE04EC0-301F-11D3-BF4B-00C04F79EFBC}") = "NoMod.Loader.Test", "NoMod.Loader.Test\NoMod.Loader.Test.csproj", "{74394BAF-C0FF-49AB-AF12-26B10E132536}"
EndProject
Project("{FAE04EC0-301F-11D3-BF4B-00C04F79EFBC}") = "NoMod.Memory", "NoMod.Memory\NoMod.Memory.csproj", "{9AE2926F-7A26-4C6A-BE40-38EC0EA9A376}"
EndProject
Global
	GlobalSection(SolutionConfigurationPlatforms) = preSolution
		Debug|Any CPU = Debug|Any CPU
		Debug|x64 = Debug|x64
		Debug|x86 = Debug|x86
		Release|Any CPU = Release|Any CPU
		Release|x64 = Release|x64
		Release|x86 = Release|x86
	EndGlobalSection
	GlobalSection(ProjectConfigurationPlatforms) = postSolution
		{4396AFC9-9BA8-452C-94A2-9C34BCDACB09}.Debug|Any CPU.ActiveCfg = Debug|Any CPU
		{4396AFC9-9BA8-452C-94A2-9C34BCDACB09}.Debug|Any CPU.Build.0 = Debug|Any CPU
		{4396AFC9-9BA8-452C-94A2-9C34BCDACB09}.Debug|x64.ActiveCfg = Debug|Any CPU
		{4396AFC9-9BA8-452C-94A2-9C34BCDACB09}.Debug|x64.Build.0 = Debug|Any CPU
		{4396AFC9-9BA8-452C-94A2-9C34BCDACB09}.Debug|x86.ActiveCfg = Debug|Any CPU
		{4396AFC9-9BA8-452C-94A2-9C34BCDACB09}.Debug|x86.Build.0 = Debug|Any CPU
		{4396AFC9-9BA8-452C-94A2-9C34BCDACB09}.Release|Any CPU.ActiveCfg = Release|Any CPU
		{4396AFC9-9BA8-452C-94A2-9C34BCDACB09}.Release|Any CPU.Build.0 = Release|Any CPU
		{4396AFC9-9BA8-452C-94A2-9C34BCDACB09}.Release|x64.ActiveCfg = Release|Any CPU
		{4396AFC9-9BA8-452C-94A2-9C34BCDACB09}.Release|x64.Build.0 = Release|Any CPU
		{4396AFC9-9BA8-452C-94A2-9C34BCDACB09}.Release|x86.ActiveCfg = Release|Any CPU
		{4396AFC9-9BA8-452C-94A2-9C34BCDACB09}.Release|x86.Build.0 = Release|Any CPU
		{4DAC6E80-9F00-4B3D-BD2F-51A79E501B70}.Debug|Any CPU.ActiveCfg = Debug|Any CPU
		{4DAC6E80-9F00-4B3D-BD2F-51A79E501B70}.Debug|Any CPU.Build.0 = Debug|Any CPU
		{4DAC6E80-9F00-4B3D-BD2F-51A79E501B70}.Debug|x64.ActiveCfg = Debug|Any CPU
		{4DAC6E80-9F00-4B3D-BD2F-51A79E501B70}.Debug|x64.Build.0 = Debug|Any CPU
		{4DAC6E80-9F00-4B3D-BD2F-51A79E501B70}.Debug|x86.ActiveCfg = Debug|Any CPU
		{4DAC6E80-9F00-4B3D-BD2F-51A79E501B70}.Debug|x86.Build.0 = Debug|Any CPU
		{4DAC6E80-9F00-4B3D-BD2F-51A79E501B70}.Release|Any CPU.ActiveCfg = Release|Any CPU
		{4DAC6E80-9F00-4B3D-BD2F-51A79E501B70}.Release|Any CPU.Build.0 = Release|Any CPU
		{4DAC6E80-9F00-4B3D-BD2F-51A79E501B70}.Release|x64.ActiveCfg = Release|Any CPU
		{4DAC6E80-9F00-4B3D-BD2F-51A79E501B70}.Release|x64.Build.0 = Release|Any CPU
		{4DAC6E80-9F00-4B3D-BD2F-51A79E501B70}.Release|x86.ActiveCfg = Release|Any CPU
		{4DAC6E80-9F00-4B3D-BD2F-51A79E501B70}.Release|x86.Build.0 = Release|Any CPU
		{44C8BFF0-4662-4482-92E8-4C5643A5DB0F}.Debug|Any CPU.ActiveCfg = Debug|Any CPU
		{44C8BFF0-4662-4482-92E8-4C5643A5DB0F}.Debug|Any CPU.Build.0 = Debug|Any CPU
		{44C8BFF0-4662-4482-92E8-4C5643A5DB0F}.Debug|x64.ActiveCfg = Debug|Any CPU
		{44C8BFF0-4662-4482-92E8-4C5643A5DB0F}.Debug|x64.Build.0 = Debug|Any CPU
		{44C8BFF0-4662-4482-92E8-4C5643A5DB0F}.Debug|x86.ActiveCfg = Debug|Any CPU
		{44C8BFF0-4662-4482-92E8-4C5643A5DB0F}.Debug|x86.Build.0 = Debug|Any CPU
		{44C8BFF0-4662-4482-92E8-4C5643A5DB0F}.Release|Any CPU.ActiveCfg = Release|Any CPU
		{44C8BFF0-4662-4482-92E8-4C5643A5DB0F}.Release|Any CPU.Build.0 = Release|Any CPU
		{44C8BFF0-4662-4482-92E8-4C5643A5DB0F}.Release|x64.ActiveCfg = Release|Any CPU
		{44C8BFF0-4662-4482-92E8-4C5643A5DB0F}.Release|x64.Build.0 = Release|Any CPU
		{44C8BFF0-4662-4482-92E8-4C5643A5DB0F}.Release|x86.ActiveCfg = Release|Any CPU
		{44C8BFF0-4662-4482-92E8-4C5643A5DB0F}.Release|x86.Build.0 = Release|Any CPU
		{C53F779D-259D-4338-BD60-626AC460A169}.Debug|Any CPU.ActiveCfg = Debug|Any CPU
		{C53F779D-259D-4338-BD60-626AC460A169}.Debug|Any CPU.Build.0 = Debug|Any CPU
		{C53F779D-259D-4338-BD60-626AC460A169}.Debug|x64.ActiveCfg = Debug|Any CPU
		{C53F779D-259D-4338-BD60-626AC460A169}.Debug|x64.Build.0 = Debug|Any CPU
		{C53F779D-259D-4338-BD60-626AC460A169}.Debug|x86.ActiveCfg = Debug|Any CPU
		{C53F779D-259D-4338-BD60-626AC460A169}.Debug|x86.Build.0 = Debug|Any CPU
		{C53F779D-259D-4338-BD60-626AC460A169}.Release|Any CPU.ActiveCfg = Release|Any CPU
		{C53F779D-259D-4338-BD60-626AC460A169}.Release|Any CPU.Build.0 = Release|Any CPU
		{C53F779D-259D-4338-BD60-626AC460A169}.Release|x64.ActiveCfg = Release|Any CPU
		{C53F779D-259D-4338-BD60-626AC460A169}.Release|x64.Build.0 = Release|Any CPU
		{C53F779D-259D-4338-BD60-626AC460A169}.Release|x86.ActiveCfg = Release|Any CPU
		{C53F779D-259D-4338-BD60-626AC460A169}.Release|x86.Build.0 = Release|Any CPU
		{3ADBD7FF-AADA-42F0-A1F1-A45BBDB816F2}.Debug|Any CPU.ActiveCfg = Debug|Any CPU
		{3ADBD7FF-AADA-42F0-A1F1-A45BBDB816F2}.Debug|Any CPU.Build.0 = Debug|Any CPU
		{3ADBD7FF-AADA-42F0-A1F1-A45BBDB816F2}.Debug|x64.ActiveCfg = Debug|Any CPU
		{3ADBD7FF-AADA-42F0-A1F1-A45BBDB816F2}.Debug|x64.Build.0 = Debug|Any CPU
		{3ADBD7FF-AADA-42F0-A1F1-A45BBDB816F2}.Debug|x86.ActiveCfg = Debug|Any CPU
		{3ADBD7FF-AADA-42F0-A1F1-A45BBDB816F2}.Debug|x86.Build.0 = Debug|Any CPU
		{3ADBD7FF-AADA-42F0-A1F1-A45BBDB816F2}.Release|Any CPU.ActiveCfg = Release|Any CPU
		{3ADBD7FF-AADA-42F0-A1F1-A45BBDB816F2}.Release|Any CPU.Build.0 = Release|Any CPU
		{3ADBD7FF-AADA-42F0-A1F1-A45BBDB816F2}.Release|x64.ActiveCfg = Release|Any CPU
		{3ADBD7FF-AADA-42F0-A1F1-A45BBDB816F2}.Release|x64.Build.0 = Release|Any CPU
		{3ADBD7FF-AADA-42F0-A1F1-A45BBDB816F2}.Release|x86.ActiveCfg = Release|Any CPU
		{3ADBD7FF-AADA-42F0-A1F1-A45BBDB816F2}.Release|x86.Build.0 = Release|Any CPU
		{4B9A15C4-B869-409F-B675-8D1554A0AF34}.Debug|Any CPU.ActiveCfg = Debug|Any CPU
		{4B9A15C4-B869-409F-B675-8D1554A0AF34}.Debug|Any CPU.Build.0 = Debug|Any CPU
		{4B9A15C4-B869-409F-B675-8D1554A0AF34}.Debug|x64.ActiveCfg = Debug|Any CPU
		{4B9A15C4-B869-409F-B675-8D1554A0AF34}.Debug|x64.Build.0 = Debug|Any CPU
		{4B9A15C4-B869-409F-B675-8D1554A0AF34}.Debug|x86.ActiveCfg = Debug|Any CPU
		{4B9A15C4-B869-409F-B675-8D1554A0AF34}.Debug|x86.Build.0 = Debug|Any CPU
		{4B9A15C4-B869-409F-B675-8D1554A0AF34}.Release|Any CPU.ActiveCfg = Release|Any CPU
		{4B9A15C4-B869-409F-B675-8D1554A0AF34}.Release|Any CPU.Build.0 = Release|Any CPU
		{4B9A15C4-B869-409F-B675-8D1554A0AF34}.Release|x64.ActiveCfg = Release|Any CPU
		{4B9A15C4-B869-409F-B675-8D1554A0AF34}.Release|x64.Build.0 = Release|Any CPU
		{4B9A15C4-B869-409F-B675-8D1554A0AF34}.Release|x86.ActiveCfg = Release|Any CPU
		{4B9A15C4-B869-409F-B675-8D1554A0AF34}.Release|x86.Build.0 = Release|Any CPU
		{2A928481-F0E9-4850-96AB-850C437616F4}.Debug|Any CPU.ActiveCfg = Debug|Any CPU
		{2A928481-F0E9-4850-96AB-850C437616F4}.Debug|Any CPU.Build.0 = Debug|Any CPU
		{2A928481-F0E9-4850-96AB-850C437616F4}.Debug|x64.ActiveCfg = Debug|Any CPU
		{2A928481-F0E9-4850-96AB-850C437616F4}.Debug|x64.Build.0 = Debug|Any CPU
		{2A928481-F0E9-4850-96AB-850C437616F4}.Debug|x86.ActiveCfg = Debug|Any CPU
		{2A928481-F0E9-4850-96AB-850C437616F4}.Debug|x86.Build.0 = Debug|Any CPU
		{2A928481-F0E9-4850-96AB-850C437616F4}.Release|Any CPU.ActiveCfg = Release|Any CPU
		{2A928481-F0E9-4850-96AB-850C437616F4}.Release|Any CPU.Build.0 = Release|Any CPU
		{2A928481-F0E9-4850-96AB-850C437616F4}.Release|x64.ActiveCfg = Release|Any CPU
		{2A928481-F0E9-4850-96AB-850C437616F4}.Release|x64.Build.0 = Release|Any CPU
		{2A928481-F0E9-4850-96AB-850C437616F4}.Release|x86.ActiveCfg = Release|Any CPU
		{2A928481-F0E9-4850-96AB-850C437616F4}.Release|x86.Build.0 = Release|Any CPU
		{AE8DA1D9-9B6F-4D3C-84EE-48C98AE598AF}.Debug|Any CPU.ActiveCfg = Debug|Any CPU
		{AE8DA1D9-9B6F-4D3C-84EE-48C98AE598AF}.Debug|Any CPU.Build.0 = Debug|Any CPU
		{AE8DA1D9-9B6F-4D3C-84EE-48C98AE598AF}.Debug|x64.ActiveCfg = Debug|Any CPU
		{AE8DA1D9-9B6F-4D3C-84EE-48C98AE598AF}.Debug|x64.Build.0 = Debug|Any CPU
		{AE8DA1D9-9B6F-4D3C-84EE-48C98AE598AF}.Debug|x86.ActiveCfg = Debug|Any CPU
		{AE8DA1D9-9B6F-4D3C-84EE-48C98AE598AF}.Debug|x86.Build.0 = Debug|Any CPU
		{AE8DA1D9-9B6F-4D3C-84EE-48C98AE598AF}.Release|Any CPU.ActiveCfg = Release|Any CPU
		{AE8DA1D9-9B6F-4D3C-84EE-48C98AE598AF}.Release|Any CPU.Build.0 = Release|Any CPU
		{AE8DA1D9-9B6F-4D3C-84EE-48C98AE598AF}.Release|x64.ActiveCfg = Release|Any CPU
		{AE8DA1D9-9B6F-4D3C-84EE-48C98AE598AF}.Release|x64.Build.0 = Release|Any CPU
		{AE8DA1D9-9B6F-4D3C-84EE-48C98AE598AF}.Release|x86.ActiveCfg = Release|Any CPU
		{AE8DA1D9-9B6F-4D3C-84EE-48C98AE598AF}.Release|x86.Build.0 = Release|Any CPU
		{63F7D751-71DF-4466-953A-EF7CE853FF08}.Debug|Any CPU.ActiveCfg = Debug|Any CPU
		{63F7D751-71DF-4466-953A-EF7CE853FF08}.Debug|Any CPU.Build.0 = Debug|Any CPU
		{63F7D751-71DF-4466-953A-EF7CE853FF08}.Debug|x64.ActiveCfg = Debug|Any CPU
		{63F7D751-71DF-4466-953A-EF7CE853FF08}.Debug|x64.Build.0 = Debug|Any CPU
		{63F7D751-71DF-4466-953A-EF7CE853FF08}.Debug|x86.ActiveCfg = Debug|Any CPU
		{63F7D751-71DF-4466-953A-EF7CE853FF08}.Debug|x86.Build.0 = Debug|Any CPU
		{63F7D751-71DF-4466-953A-EF7CE853FF08}.Release|Any CPU.ActiveCfg = Release|Any CPU
		{63F7D751-71DF-4466-953A-EF7CE853FF08}.Release|Any CPU.Build.0 = Release|Any CPU
		{63F7D751-71DF-4466-953A-EF7CE853FF08}.Release|x64.ActiveCfg = Release|Any CPU
		{63F7D751-71DF-4466-953A-EF7CE853FF08}.Release|x64.Build.0 = Release|Any CPU
		{63F7D751-71DF-4466-953A-EF7CE853FF08}.Release|x86.ActiveCfg = Release|Any CPU
		{63F7D751-71DF-4466-953A-EF7CE853FF08}.Release|x86.Build.0 = Release|Any CPU
		{809E4809-54C7-428F-B2B1-A0648F1C39D7}.Debug|Any CPU.ActiveCfg = Debug|Any CPU
		{809E4809-54C7-428F-B2B1-A0648F1C39D7}.Debug|Any CPU.Build.0 = Debug|Any CPU
		{809E4809-54C7-428F-B2B1-A0648F1C39D7}.Debug|x64.ActiveCfg = Debug|Any CPU
		{809E4809-54C7-428F-B2B1-A0648F1C39D7}.Debug|x64.Build.0 = Debug|Any CPU
		{809E4809-54C7-428F-B2B1-A0648F1C39D7}.Debug|x86.ActiveCfg = Debug|Any CPU
		{809E4809-54C7-428F-B2B1-A0648F1C39D7}.Debug|x86.Build.0 = Debug|Any CPU
		{809E4809-54C7-428F-B2B1-A0648F1C39D7}.Release|Any CPU.ActiveCfg = Release|Any CPU
		{809E4809-54C7-428F-B2B1-A0648F1C39D7}.Release|Any CPU.Build.0 = Release|Any CPU
		{809E4809-54C7-428F-B2B1-A0648F1C39D7}.Release|x64.ActiveCfg = Release|Any CPU
		{809E4809-54C7-428F-B2B1-A0648F1C39D7}.Release|x64.Build.0 = Release|Any CPU
		{809E4809-54C7-428F-B2B1-A0648F1C39D7}.Release|x86.ActiveCfg = Release|Any CPU
		{809E4809-54C7-428F-B2B1-A0648F1C39D7}.Release|x86.Build.0 = Release|Any CPU
		{9541ECB9-1527-411A-ABF3-DBFAC127FE7A}.Debug|Any CPU.ActiveCfg = Debug|Any CPU
		{9541ECB9-1527-411A-ABF3-DBFAC127FE7A}.Debug|Any CPU.Build.0 = Debug|Any CPU
		{9541ECB9-1527-411A-ABF3-DBFAC127FE7A}.Debug|x64.ActiveCfg = Debug|Any CPU
		{9541ECB9-1527-411A-ABF3-DBFAC127FE7A}.Debug|x64.Build.0 = Debug|Any CPU
		{9541ECB9-1527-411A-ABF3-DBFAC127FE7A}.Debug|x86.ActiveCfg = Debug|Any CPU
		{9541ECB9-1527-411A-ABF3-DBFAC127FE7A}.Debug|x86.Build.0 = Debug|Any CPU
		{9541ECB9-1527-411A-ABF3-DBFAC127FE7A}.Release|Any CPU.ActiveCfg = Release|Any CPU
		{9541ECB9-1527-411A-ABF3-DBFAC127FE7A}.Release|Any CPU.Build.0 = Release|Any CPU
		{9541ECB9-1527-411A-ABF3-DBFAC127FE7A}.Release|x64.ActiveCfg = Release|Any CPU
		{9541ECB9-1527-411A-ABF3-DBFAC127FE7A}.Release|x64.Build.0 = Release|Any CPU
		{9541ECB9-1527-411A-ABF3-DBFAC127FE7A}.Release|x86.ActiveCfg = Release|Any CPU
		{9541ECB9-1527-411A-ABF3-DBFAC127FE7A}.Release|x86.Build.0 = Release|Any CPU
		{EEE75D7E-DF91-47ED-980E-39C21D9D99FF}.Debug|Any CPU.ActiveCfg = Debug|Any CPU
		{EEE75D7E-DF91-47ED-980E-39C21D9D99FF}.Debug|Any CPU.Build.0 = Debug|Any CPU
		{EEE75D7E-DF91-47ED-980E-39C21D9D99FF}.Debug|x64.ActiveCfg = Debug|Any CPU
		{EEE75D7E-DF91-47ED-980E-39C21D9D99FF}.Debug|x64.Build.0 = Debug|Any CPU
		{EEE75D7E-DF91-47ED-980E-39C21D9D99FF}.Debug|x86.ActiveCfg = Debug|Any CPU
		{EEE75D7E-DF91-47ED-980E-39C21D9D99FF}.Debug|x86.Build.0 = Debug|Any CPU
		{EEE75D7E-DF91-47ED-980E-39C21D9D99FF}.Release|Any CPU.ActiveCfg = Release|Any CPU
		{EEE75D7E-DF91-47ED-980E-39C21D9D99FF}.Release|Any CPU.Build.0 = Release|Any CPU
		{EEE75D7E-DF91-47ED-980E-39C21D9D99FF}.Release|x64.ActiveCfg = Release|Any CPU
		{EEE75D7E-DF91-47ED-980E-39C21D9D99FF}.Release|x64.Build.0 = Release|Any CPU
		{EEE75D7E-DF91-47ED-980E-39C21D9D99FF}.Release|x86.ActiveCfg = Release|Any CPU
		{EEE75D7E-DF91-47ED-980E-39C21D9D99FF}.Release|x86.Build.0 = Release|Any CPU
		{F17E101A-2D20-499A-B0AB-CFBE55F4BB95}.Debug|Any CPU.ActiveCfg = Debug|Any CPU
		{F17E101A-2D20-499A-B0AB-CFBE55F4BB95}.Debug|Any CPU.Build.0 = Debug|Any CPU
		{F17E101A-2D20-499A-B0AB-CFBE55F4BB95}.Debug|x64.ActiveCfg = Debug|Any CPU
		{F17E101A-2D20-499A-B0AB-CFBE55F4BB95}.Debug|x64.Build.0 = Debug|Any CPU
		{F17E101A-2D20-499A-B0AB-CFBE55F4BB95}.Debug|x86.ActiveCfg = Debug|Any CPU
		{F17E101A-2D20-499A-B0AB-CFBE55F4BB95}.Debug|x86.Build.0 = Debug|Any CPU
		{F17E101A-2D20-499A-B0AB-CFBE55F4BB95}.Release|Any CPU.ActiveCfg = Release|Any CPU
		{F17E101A-2D20-499A-B0AB-CFBE55F4BB95}.Release|Any CPU.Build.0 = Release|Any CPU
		{F17E101A-2D20-499A-B0AB-CFBE55F4BB95}.Release|x64.ActiveCfg = Release|Any CPU
		{F17E101A-2D20-499A-B0AB-CFBE55F4BB95}.Release|x64.Build.0 = Release|Any CPU
		{F17E101A-2D20-499A-B0AB-CFBE55F4BB95}.Release|x86.ActiveCfg = Release|Any CPU
		{F17E101A-2D20-499A-B0AB-CFBE55F4BB95}.Release|x86.Build.0 = Release|Any CPU
		{76F8DE87-70B3-44AB-938A-C13691B11072}.Debug|Any CPU.ActiveCfg = Debug|Any CPU
		{76F8DE87-70B3-44AB-938A-C13691B11072}.Debug|Any CPU.Build.0 = Debug|Any CPU
		{76F8DE87-70B3-44AB-938A-C13691B11072}.Debug|x64.ActiveCfg = Debug|Any CPU
		{76F8DE87-70B3-44AB-938A-C13691B11072}.Debug|x64.Build.0 = Debug|Any CPU
		{76F8DE87-70B3-44AB-938A-C13691B11072}.Debug|x86.ActiveCfg = Debug|Any CPU
		{76F8DE87-70B3-44AB-938A-C13691B11072}.Debug|x86.Build.0 = Debug|Any CPU
		{76F8DE87-70B3-44AB-938A-C13691B11072}.Release|Any CPU.ActiveCfg = Release|Any CPU
		{76F8DE87-70B3-44AB-938A-C13691B11072}.Release|Any CPU.Build.0 = Release|Any CPU
		{76F8DE87-70B3-44AB-938A-C13691B11072}.Release|x64.ActiveCfg = Release|Any CPU
		{76F8DE87-70B3-44AB-938A-C13691B11072}.Release|x64.Build.0 = Release|Any CPU
		{76F8DE87-70B3-44AB-938A-C13691B11072}.Release|x86.ActiveCfg = Release|Any CPU
		{76F8DE87-70B3-44AB-938A-C13691B11072}.Release|x86.Build.0 = Release|Any CPU
		{B9E7E18E-DA8E-4359-A6CA-BC7B56DB4213}.Debug|Any CPU.ActiveCfg = Debug|Any CPU
		{B9E7E18E-DA8E-4359-A6CA-BC7B56DB4213}.Debug|Any CPU.Build.0 = Debug|Any CPU
		{B9E7E18E-DA8E-4359-A6CA-BC7B56DB4213}.Debug|x64.ActiveCfg = Debug|Any CPU
		{B9E7E18E-DA8E-4359-A6CA-BC7B56DB4213}.Debug|x64.Build.0 = Debug|Any CPU
		{B9E7E18E-DA8E-4359-A6CA-BC7B56DB4213}.Debug|x86.ActiveCfg = Debug|Any CPU
		{B9E7E18E-DA8E-4359-A6CA-BC7B56DB4213}.Debug|x86.Build.0 = Debug|Any CPU
		{B9E7E18E-DA8E-4359-A6CA-BC7B56DB4213}.Release|Any CPU.ActiveCfg = Release|Any CPU
		{B9E7E18E-DA8E-4359-A6CA-BC7B56DB4213}.Release|Any CPU.Build.0 = Release|Any CPU
		{B9E7E18E-DA8E-4359-A6CA-BC7B56DB4213}.Release|x64.ActiveCfg = Release|Any CPU
		{B9E7E18E-DA8E-4359-A6CA-BC7B56DB4213}.Release|x64.Build.0 = Release|Any CPU
		{B9E7E18E-DA8E-4359-A6CA-BC7B56DB4213}.Release|x86.ActiveCfg = Release|Any CPU
		{B9E7E18E-DA8E-4359-A6CA-BC7B56DB4213}.Release|x86.Build.0 = Release|Any CPU
		{53D2E555-F30A-4473-88E0-632FE9059B49}.Debug|Any CPU.ActiveCfg = Debug|Any CPU
		{53D2E555-F30A-4473-88E0-632FE9059B49}.Debug|Any CPU.Build.0 = Debug|Any CPU
		{53D2E555-F30A-4473-88E0-632FE9059B49}.Debug|x64.ActiveCfg = Debug|Any CPU
		{53D2E555-F30A-4473-88E0-632FE9059B49}.Debug|x64.Build.0 = Debug|Any CPU
		{53D2E555-F30A-4473-88E0-632FE9059B49}.Debug|x86.ActiveCfg = Debug|Any CPU
		{53D2E555-F30A-4473-88E0-632FE9059B49}.Debug|x86.Build.0 = Debug|Any CPU
		{53D2E555-F30A-4473-88E0-632FE9059B49}.Release|Any CPU.ActiveCfg = Release|Any CPU
		{53D2E555-F30A-4473-88E0-632FE9059B49}.Release|Any CPU.Build.0 = Release|Any CPU
		{53D2E555-F30A-4473-88E0-632FE9059B49}.Release|x64.ActiveCfg = Release|Any CPU
		{53D2E555-F30A-4473-88E0-632FE9059B49}.Release|x64.Build.0 = Release|Any CPU
		{53D2E555-F30A-4473-88E0-632FE9059B49}.Release|x86.ActiveCfg = Release|Any CPU
		{53D2E555-F30A-4473-88E0-632FE9059B49}.Release|x86.Build.0 = Release|Any CPU
		{BCB6AFD7-7399-46A7-81FD-FCEC25E31EDA}.Debug|Any CPU.ActiveCfg = Debug|Any CPU
		{BCB6AFD7-7399-46A7-81FD-FCEC25E31EDA}.Debug|Any CPU.Build.0 = Debug|Any CPU
		{BCB6AFD7-7399-46A7-81FD-FCEC25E31EDA}.Debug|x64.ActiveCfg = Debug|Any CPU
		{BCB6AFD7-7399-46A7-81FD-FCEC25E31EDA}.Debug|x64.Build.0 = Debug|Any CPU
		{BCB6AFD7-7399-46A7-81FD-FCEC25E31EDA}.Debug|x86.ActiveCfg = Debug|Any CPU
		{BCB6AFD7-7399-46A7-81FD-FCEC25E31EDA}.Debug|x86.Build.0 = Debug|Any CPU
		{BCB6AFD7-7399-46A7-81FD-FCEC25E31EDA}.Release|Any CPU.ActiveCfg = Release|Any CPU
		{BCB6AFD7-7399-46A7-81FD-FCEC25E31EDA}.Release|Any CPU.Build.0 = Release|Any CPU
		{BCB6AFD7-7399-46A7-81FD-FCEC25E31EDA}.Release|x64.ActiveCfg = Release|Any CPU
		{BCB6AFD7-7399-46A7-81FD-FCEC25E31EDA}.Release|x64.Build.0 = Release|Any CPU
		{BCB6AFD7-7399-46A7-81FD-FCEC25E31EDA}.Release|x86.ActiveCfg = Release|Any CPU
		{BCB6AFD7-7399-46A7-81FD-FCEC25E31EDA}.Release|x86.Build.0 = Release|Any CPU
		{EC977B4F-5265-4AC2-A818-5B8D7953F5E5}.Debug|Any CPU.ActiveCfg = Debug|Any CPU
		{EC977B4F-5265-4AC2-A818-5B8D7953F5E5}.Debug|Any CPU.Build.0 = Debug|Any CPU
		{EC977B4F-5265-4AC2-A818-5B8D7953F5E5}.Debug|x64.ActiveCfg = Debug|Any CPU
		{EC977B4F-5265-4AC2-A818-5B8D7953F5E5}.Debug|x64.Build.0 = Debug|Any CPU
		{EC977B4F-5265-4AC2-A818-5B8D7953F5E5}.Debug|x86.ActiveCfg = Debug|Any CPU
		{EC977B4F-5265-4AC2-A818-5B8D7953F5E5}.Debug|x86.Build.0 = Debug|Any CPU
		{EC977B4F-5265-4AC2-A818-5B8D7953F5E5}.Release|Any CPU.ActiveCfg = Release|Any CPU
		{EC977B4F-5265-4AC2-A818-5B8D7953F5E5}.Release|Any CPU.Build.0 = Release|Any CPU
		{EC977B4F-5265-4AC2-A818-5B8D7953F5E5}.Release|x64.ActiveCfg = Release|Any CPU
		{EC977B4F-5265-4AC2-A818-5B8D7953F5E5}.Release|x64.Build.0 = Release|Any CPU
		{EC977B4F-5265-4AC2-A818-5B8D7953F5E5}.Release|x86.ActiveCfg = Release|Any CPU
		{EC977B4F-5265-4AC2-A818-5B8D7953F5E5}.Release|x86.Build.0 = Release|Any CPU
		{5673636D-1596-42D3-BE4D-0A110EAA59EC}.Debug|Any CPU.ActiveCfg = Debug|Any CPU
		{5673636D-1596-42D3-BE4D-0A110EAA59EC}.Debug|Any CPU.Build.0 = Debug|Any CPU
		{5673636D-1596-42D3-BE4D-0A110EAA59EC}.Debug|x64.ActiveCfg = Debug|Any CPU
		{5673636D-1596-42D3-BE4D-0A110EAA59EC}.Debug|x64.Build.0 = Debug|Any CPU
		{5673636D-1596-42D3-BE4D-0A110EAA59EC}.Debug|x86.ActiveCfg = Debug|Any CPU
		{5673636D-1596-42D3-BE4D-0A110EAA59EC}.Debug|x86.Build.0 = Debug|Any CPU
		{5673636D-1596-42D3-BE4D-0A110EAA59EC}.Release|Any CPU.ActiveCfg = Release|Any CPU
		{5673636D-1596-42D3-BE4D-0A110EAA59EC}.Release|Any CPU.Build.0 = Release|Any CPU
		{5673636D-1596-42D3-BE4D-0A110EAA59EC}.Release|x64.ActiveCfg = Release|Any CPU
		{5673636D-1596-42D3-BE4D-0A110EAA59EC}.Release|x64.Build.0 = Release|Any CPU
		{5673636D-1596-42D3-BE4D-0A110EAA59EC}.Release|x86.ActiveCfg = Release|Any CPU
		{5673636D-1596-42D3-BE4D-0A110EAA59EC}.Release|x86.Build.0 = Release|Any CPU
		{2FD799D4-E034-4B50-AD2E-4BC3D948A56A}.Debug|Any CPU.ActiveCfg = Debug|Win32
		{2FD799D4-E034-4B50-AD2E-4BC3D948A56A}.Debug|x64.ActiveCfg = Debug|x64
		{2FD799D4-E034-4B50-AD2E-4BC3D948A56A}.Debug|x64.Build.0 = Debug|x64
		{2FD799D4-E034-4B50-AD2E-4BC3D948A56A}.Debug|x86.ActiveCfg = Debug|Win32
		{2FD799D4-E034-4B50-AD2E-4BC3D948A56A}.Debug|x86.Build.0 = Debug|Win32
		{2FD799D4-E034-4B50-AD2E-4BC3D948A56A}.Release|Any CPU.ActiveCfg = Release|Win32
		{2FD799D4-E034-4B50-AD2E-4BC3D948A56A}.Release|x64.ActiveCfg = Release|x64
		{2FD799D4-E034-4B50-AD2E-4BC3D948A56A}.Release|x64.Build.0 = Release|x64
		{2FD799D4-E034-4B50-AD2E-4BC3D948A56A}.Release|x86.ActiveCfg = Release|Win32
		{2FD799D4-E034-4B50-AD2E-4BC3D948A56A}.Release|x86.Build.0 = Release|Win32
		{D10CD51A-A9D5-41C5-AE8C-5739FBE45AA9}.Debug|Any CPU.ActiveCfg = Debug|Any CPU
		{D10CD51A-A9D5-41C5-AE8C-5739FBE45AA9}.Debug|Any CPU.Build.0 = Debug|Any CPU
		{D10CD51A-A9D5-41C5-AE8C-5739FBE45AA9}.Debug|x64.ActiveCfg = Debug|Any CPU
		{D10CD51A-A9D5-41C5-AE8C-5739FBE45AA9}.Debug|x64.Build.0 = Debug|Any CPU
		{D10CD51A-A9D5-41C5-AE8C-5739FBE45AA9}.Debug|x86.ActiveCfg = Debug|Any CPU
		{D10CD51A-A9D5-41C5-AE8C-5739FBE45AA9}.Debug|x86.Build.0 = Debug|Any CPU
		{D10CD51A-A9D5-41C5-AE8C-5739FBE45AA9}.Release|Any CPU.ActiveCfg = Release|Any CPU
		{D10CD51A-A9D5-41C5-AE8C-5739FBE45AA9}.Release|Any CPU.Build.0 = Release|Any CPU
		{D10CD51A-A9D5-41C5-AE8C-5739FBE45AA9}.Release|x64.ActiveCfg = Release|Any CPU
		{D10CD51A-A9D5-41C5-AE8C-5739FBE45AA9}.Release|x64.Build.0 = Release|Any CPU
		{D10CD51A-A9D5-41C5-AE8C-5739FBE45AA9}.Release|x86.ActiveCfg = Release|Any CPU
		{D10CD51A-A9D5-41C5-AE8C-5739FBE45AA9}.Release|x86.Build.0 = Release|Any CPU
		{3B0FE067-3888-4EB4-9596-FFA1BE87D34D}.Debug|Any CPU.ActiveCfg = Debug|Any CPU
		{3B0FE067-3888-4EB4-9596-FFA1BE87D34D}.Debug|Any CPU.Build.0 = Debug|Any CPU
		{3B0FE067-3888-4EB4-9596-FFA1BE87D34D}.Debug|x64.ActiveCfg = Debug|Any CPU
		{3B0FE067-3888-4EB4-9596-FFA1BE87D34D}.Debug|x64.Build.0 = Debug|Any CPU
		{3B0FE067-3888-4EB4-9596-FFA1BE87D34D}.Debug|x86.ActiveCfg = Debug|Any CPU
		{3B0FE067-3888-4EB4-9596-FFA1BE87D34D}.Debug|x86.Build.0 = Debug|Any CPU
		{3B0FE067-3888-4EB4-9596-FFA1BE87D34D}.Release|Any CPU.ActiveCfg = Release|Any CPU
		{3B0FE067-3888-4EB4-9596-FFA1BE87D34D}.Release|Any CPU.Build.0 = Release|Any CPU
		{3B0FE067-3888-4EB4-9596-FFA1BE87D34D}.Release|x64.ActiveCfg = Release|Any CPU
		{3B0FE067-3888-4EB4-9596-FFA1BE87D34D}.Release|x64.Build.0 = Release|Any CPU
		{3B0FE067-3888-4EB4-9596-FFA1BE87D34D}.Release|x86.ActiveCfg = Release|Any CPU
		{3B0FE067-3888-4EB4-9596-FFA1BE87D34D}.Release|x86.Build.0 = Release|Any CPU
		{DA0C7C9D-94F2-4E98-90AA-E7104D6F15F4}.Debug|Any CPU.ActiveCfg = Debug|Any CPU
		{DA0C7C9D-94F2-4E98-90AA-E7104D6F15F4}.Debug|Any CPU.Build.0 = Debug|Any CPU
		{DA0C7C9D-94F2-4E98-90AA-E7104D6F15F4}.Debug|x64.ActiveCfg = Debug|Any CPU
		{DA0C7C9D-94F2-4E98-90AA-E7104D6F15F4}.Debug|x64.Build.0 = Debug|Any CPU
		{DA0C7C9D-94F2-4E98-90AA-E7104D6F15F4}.Debug|x86.ActiveCfg = Debug|Any CPU
		{DA0C7C9D-94F2-4E98-90AA-E7104D6F15F4}.Debug|x86.Build.0 = Debug|Any CPU
		{DA0C7C9D-94F2-4E98-90AA-E7104D6F15F4}.Release|Any CPU.ActiveCfg = Release|Any CPU
		{DA0C7C9D-94F2-4E98-90AA-E7104D6F15F4}.Release|Any CPU.Build.0 = Release|Any CPU
		{DA0C7C9D-94F2-4E98-90AA-E7104D6F15F4}.Release|x64.ActiveCfg = Release|Any CPU
		{DA0C7C9D-94F2-4E98-90AA-E7104D6F15F4}.Release|x64.Build.0 = Release|Any CPU
		{DA0C7C9D-94F2-4E98-90AA-E7104D6F15F4}.Release|x86.ActiveCfg = Release|Any CPU
		{DA0C7C9D-94F2-4E98-90AA-E7104D6F15F4}.Release|x86.Build.0 = Release|Any CPU
		{0C406FB0-C9B6-46FA-8F17-30FD9E04870F}.Debug|Any CPU.ActiveCfg = Debug|Any CPU
		{0C406FB0-C9B6-46FA-8F17-30FD9E04870F}.Debug|Any CPU.Build.0 = Debug|Any CPU
		{0C406FB0-C9B6-46FA-8F17-30FD9E04870F}.Debug|x64.ActiveCfg = Debug|Any CPU
		{0C406FB0-C9B6-46FA-8F17-30FD9E04870F}.Debug|x64.Build.0 = Debug|Any CPU
		{0C406FB0-C9B6-46FA-8F17-30FD9E04870F}.Debug|x86.ActiveCfg = Debug|Any CPU
		{0C406FB0-C9B6-46FA-8F17-30FD9E04870F}.Debug|x86.Build.0 = Debug|Any CPU
		{0C406FB0-C9B6-46FA-8F17-30FD9E04870F}.Release|Any CPU.ActiveCfg = Release|Any CPU
		{0C406FB0-C9B6-46FA-8F17-30FD9E04870F}.Release|Any CPU.Build.0 = Release|Any CPU
		{0C406FB0-C9B6-46FA-8F17-30FD9E04870F}.Release|x64.ActiveCfg = Release|Any CPU
		{0C406FB0-C9B6-46FA-8F17-30FD9E04870F}.Release|x64.Build.0 = Release|Any CPU
		{0C406FB0-C9B6-46FA-8F17-30FD9E04870F}.Release|x86.ActiveCfg = Release|Any CPU
		{0C406FB0-C9B6-46FA-8F17-30FD9E04870F}.Release|x86.Build.0 = Release|Any CPU
		{40CFFAA2-1ACE-4931-A1D2-9D324F790B22}.Debug|Any CPU.ActiveCfg = Debug|Any CPU
		{40CFFAA2-1ACE-4931-A1D2-9D324F790B22}.Debug|Any CPU.Build.0 = Debug|Any CPU
		{40CFFAA2-1ACE-4931-A1D2-9D324F790B22}.Debug|x64.ActiveCfg = Debug|Any CPU
		{40CFFAA2-1ACE-4931-A1D2-9D324F790B22}.Debug|x64.Build.0 = Debug|Any CPU
		{40CFFAA2-1ACE-4931-A1D2-9D324F790B22}.Debug|x86.ActiveCfg = Debug|Any CPU
		{40CFFAA2-1ACE-4931-A1D2-9D324F790B22}.Debug|x86.Build.0 = Debug|Any CPU
		{40CFFAA2-1ACE-4931-A1D2-9D324F790B22}.Release|Any CPU.ActiveCfg = Release|Any CPU
		{40CFFAA2-1ACE-4931-A1D2-9D324F790B22}.Release|Any CPU.Build.0 = Release|Any CPU
		{40CFFAA2-1ACE-4931-A1D2-9D324F790B22}.Release|x64.ActiveCfg = Release|Any CPU
		{40CFFAA2-1ACE-4931-A1D2-9D324F790B22}.Release|x64.Build.0 = Release|Any CPU
		{40CFFAA2-1ACE-4931-A1D2-9D324F790B22}.Release|x86.ActiveCfg = Release|Any CPU
		{40CFFAA2-1ACE-4931-A1D2-9D324F790B22}.Release|x86.Build.0 = Release|Any CPU
		{0D2AD629-D04F-4C23-B0B3-9CE6AFE9BB9E}.Debug|Any CPU.ActiveCfg = Debug|Any CPU
		{0D2AD629-D04F-4C23-B0B3-9CE6AFE9BB9E}.Debug|Any CPU.Build.0 = Debug|Any CPU
		{0D2AD629-D04F-4C23-B0B3-9CE6AFE9BB9E}.Debug|x64.ActiveCfg = Debug|Any CPU
		{0D2AD629-D04F-4C23-B0B3-9CE6AFE9BB9E}.Debug|x64.Build.0 = Debug|Any CPU
		{0D2AD629-D04F-4C23-B0B3-9CE6AFE9BB9E}.Debug|x86.ActiveCfg = Debug|Any CPU
		{0D2AD629-D04F-4C23-B0B3-9CE6AFE9BB9E}.Debug|x86.Build.0 = Debug|Any CPU
		{0D2AD629-D04F-4C23-B0B3-9CE6AFE9BB9E}.Release|Any CPU.ActiveCfg = Release|Any CPU
		{0D2AD629-D04F-4C23-B0B3-9CE6AFE9BB9E}.Release|Any CPU.Build.0 = Release|Any CPU
		{0D2AD629-D04F-4C23-B0B3-9CE6AFE9BB9E}.Release|x64.ActiveCfg = Release|Any CPU
		{0D2AD629-D04F-4C23-B0B3-9CE6AFE9BB9E}.Release|x64.Build.0 = Release|Any CPU
		{0D2AD629-D04F-4C23-B0B3-9CE6AFE9BB9E}.Release|x86.ActiveCfg = Release|Any CPU
		{0D2AD629-D04F-4C23-B0B3-9CE6AFE9BB9E}.Release|x86.Build.0 = Release|Any CPU
		{74394BAF-C0FF-49AB-AF12-26B10E132536}.Debug|Any CPU.ActiveCfg = Debug|Any CPU
		{74394BAF-C0FF-49AB-AF12-26B10E132536}.Debug|Any CPU.Build.0 = Debug|Any CPU
		{74394BAF-C0FF-49AB-AF12-26B10E132536}.Debug|x64.ActiveCfg = Debug|Any CPU
		{74394BAF-C0FF-49AB-AF12-26B10E132536}.Debug|x64.Build.0 = Debug|Any CPU
		{74394BAF-C0FF-49AB-AF12-26B10E132536}.Debug|x86.ActiveCfg = Debug|Any CPU
		{74394BAF-C0FF-49AB-AF12-26B10E132536}.Debug|x86.Build.0 = Debug|Any CPU
		{74394BAF-C0FF-49AB-AF12-26B10E132536}.Release|Any CPU.ActiveCfg = Release|Any CPU
		{74394BAF-C0FF-49AB-AF12-26B10E132536}.Release|Any CPU.Build.0 = Release|Any CPU
		{74394BAF-C0FF-49AB-AF12-26B10E132536}.Release|x64.ActiveCfg = Release|Any CPU
		{74394BAF-C0FF-49AB-AF12-26B10E132536}.Release|x64.Build.0 = Release|Any CPU
		{74394BAF-C0FF-49AB-AF12-26B10E132536}.Release|x86.ActiveCfg = Release|Any CPU
		{74394BAF-C0FF-49AB-AF12-26B10E132536}.Release|x86.Build.0 = Release|Any CPU
		{9AE2926F-7A26-4C6A-BE40-38EC0EA9A376}.Debug|Any CPU.ActiveCfg = Debug|Any CPU
		{9AE2926F-7A26-4C6A-BE40-38EC0EA9A376}.Debug|Any CPU.Build.0 = Debug|Any CPU
		{9AE2926F-7A26-4C6A-BE40-38EC0EA9A376}.Debug|x64.ActiveCfg = Debug|Any CPU
		{9AE2926F-7A26-4C6A-BE40-38EC0EA9A376}.Debug|x64.Build.0 = Debug|Any CPU
		{9AE2926F-7A26-4C6A-BE40-38EC0EA9A376}.Debug|x86.ActiveCfg = Debug|Any CPU
		{9AE2926F-7A26-4C6A-BE40-38EC0EA9A376}.Debug|x86.Build.0 = Debug|Any CPU
		{9AE2926F-7A26-4C6A-BE40-38EC0EA9A376}.Release|Any CPU.ActiveCfg = Release|Any CPU
		{9AE2926F-7A26-4C6A-BE40-38EC0EA9A376}.Release|Any CPU.Build.0 = Release|Any CPU
		{9AE2926F-7A26-4C6A-BE40-38EC0EA9A376}.Release|x64.ActiveCfg = Release|Any CPU
		{9AE2926F-7A26-4C6A-BE40-38EC0EA9A376}.Release|x64.Build.0 = Release|Any CPU
		{9AE2926F-7A26-4C6A-BE40-38EC0EA9A376}.Release|x86.ActiveCfg = Release|Any CPU
		{9AE2926F-7A26-4C6A-BE40-38EC0EA9A376}.Release|x86.Build.0 = Release|Any CPU
	EndGlobalSection
	GlobalSection(SolutionProperties) = preSolution
		HideSolutionNode = FALSE
	EndGlobalSection
	GlobalSection(NestedProjects) = preSolution
		{4396AFC9-9BA8-452C-94A2-9C34BCDACB09} = {77AE8C1F-6F0E-4368-9ADA-818A07EFD3B1}
		{4DAC6E80-9F00-4B3D-BD2F-51A79E501B70} = {77AE8C1F-6F0E-4368-9ADA-818A07EFD3B1}
		{44C8BFF0-4662-4482-92E8-4C5643A5DB0F} = {3AE55880-1200-4200-B5CD-0325EED5CCB4}
		{C53F779D-259D-4338-BD60-626AC460A169} = {3AE55880-1200-4200-B5CD-0325EED5CCB4}
		{3ADBD7FF-AADA-42F0-A1F1-A45BBDB816F2} = {3AE55880-1200-4200-B5CD-0325EED5CCB4}
		{3AE55880-1200-4200-B5CD-0325EED5CCB4} = {77AE8C1F-6F0E-4368-9ADA-818A07EFD3B1}
		{AE8DA1D9-9B6F-4D3C-84EE-48C98AE598AF} = {77AE8C1F-6F0E-4368-9ADA-818A07EFD3B1}
		{63F7D751-71DF-4466-953A-EF7CE853FF08} = {77AE8C1F-6F0E-4368-9ADA-818A07EFD3B1}
		{809E4809-54C7-428F-B2B1-A0648F1C39D7} = {77AE8C1F-6F0E-4368-9ADA-818A07EFD3B1}
		{9541ECB9-1527-411A-ABF3-DBFAC127FE7A} = {77AE8C1F-6F0E-4368-9ADA-818A07EFD3B1}
		{EEE75D7E-DF91-47ED-980E-39C21D9D99FF} = {77AE8C1F-6F0E-4368-9ADA-818A07EFD3B1}
		{F17E101A-2D20-499A-B0AB-CFBE55F4BB95} = {77AE8C1F-6F0E-4368-9ADA-818A07EFD3B1}
		{76F8DE87-70B3-44AB-938A-C13691B11072} = {77AE8C1F-6F0E-4368-9ADA-818A07EFD3B1}
		{B9E7E18E-DA8E-4359-A6CA-BC7B56DB4213} = {77AE8C1F-6F0E-4368-9ADA-818A07EFD3B1}
		{53D2E555-F30A-4473-88E0-632FE9059B49} = {77AE8C1F-6F0E-4368-9ADA-818A07EFD3B1}
		{BCB6AFD7-7399-46A7-81FD-FCEC25E31EDA} = {77AE8C1F-6F0E-4368-9ADA-818A07EFD3B1}
		{5673636D-1596-42D3-BE4D-0A110EAA59EC} = {77AE8C1F-6F0E-4368-9ADA-818A07EFD3B1}
		{2FD799D4-E034-4B50-AD2E-4BC3D948A56A} = {600E7967-8569-4684-AA6D-954E509BE2CA}
		{D10CD51A-A9D5-41C5-AE8C-5739FBE45AA9} = {600E7967-8569-4684-AA6D-954E509BE2CA}
		{3B0FE067-3888-4EB4-9596-FFA1BE87D34D} = {77AE8C1F-6F0E-4368-9ADA-818A07EFD3B1}
		{0C406FB0-C9B6-46FA-8F17-30FD9E04870F} = {1E28DEAD-D755-4680-9998-108B964AA81B}
		{40CFFAA2-1ACE-4931-A1D2-9D324F790B22} = {1E28DEAD-D755-4680-9998-108B964AA81B}
		{1E28DEAD-D755-4680-9998-108B964AA81B} = {77AE8C1F-6F0E-4368-9ADA-818A07EFD3B1}
		{0D2AD629-D04F-4C23-B0B3-9CE6AFE9BB9E} = {77AE8C1F-6F0E-4368-9ADA-818A07EFD3B1}
		{9AE2926F-7A26-4C6A-BE40-38EC0EA9A376} = {77AE8C1F-6F0E-4368-9ADA-818A07EFD3B1}
	EndGlobalSection
	GlobalSection(ExtensibilityGlobals) = postSolution
		SolutionGuid = {EB8B5355-29E3-4FD9-B919-FC04EA282892}
	EndGlobalSection
EndGlobal
